
Microsoft Visual Studio Solution File, Format Version 12.00
# Visual Studio Version 17
VisualStudioVersion = 17.10.35122.118
MinimumVisualStudioVersion = 10.0.40219.1
Project("{9A19103F-16F7-4668-BE54-9A1E7A4F7556}") = "Crayon.CloudSales.Api", "Crayon.CloudSales.Api\Crayon.CloudSales.Api.csproj", "{DEAE8F11-1784-4B50-B0E9-7EC0FF021F80}"
EndProject
Project("{9A19103F-16F7-4668-BE54-9A1E7A4F7556}") = "Crayon.CloudSales.Core", "Crayon.CloudSales.Core\Crayon.CloudSales.Core.csproj", "{2851A5D5-6E34-4830-BD5E-DE8B06D263CE}"
EndProject
Project("{9A19103F-16F7-4668-BE54-9A1E7A4F7556}") = "Crayon.CloudSales.Infrastructure", "Crayon.CloudSales.Infrastructure\Crayon.CloudSales.Infrastructure.csproj", "{8ACDF755-1FF1-413D-873D-EBF2B8F97486}"
EndProject
Global
	GlobalSection(SolutionConfigurationPlatforms) = preSolution
		Debug|Any CPU = Debug|Any CPU
		Release|Any CPU = Release|Any CPU
	EndGlobalSection
	GlobalSection(ProjectConfigurationPlatforms) = postSolution
		{DEAE8F11-1784-4B50-B0E9-7EC0FF021F80}.Debug|Any CPU.ActiveCfg = Debug|Any CPU
		{DEAE8F11-1784-4B50-B0E9-7EC0FF021F80}.Debug|Any CPU.Build.0 = Debug|Any CPU
		{DEAE8F11-1784-4B50-B0E9-7EC0FF021F80}.Release|Any CPU.ActiveCfg = Release|Any CPU
		{DEAE8F11-1784-4B50-B0E9-7EC0FF021F80}.Release|Any CPU.Build.0 = Release|Any CPU
		{2851A5D5-6E34-4830-BD5E-DE8B06D263CE}.Debug|Any CPU.ActiveCfg = Debug|Any CPU
		{2851A5D5-6E34-4830-BD5E-DE8B06D263CE}.Debug|Any CPU.Build.0 = Debug|Any CPU
		{2851A5D5-6E34-4830-BD5E-DE8B06D263CE}.Release|Any CPU.ActiveCfg = Release|Any CPU
		{2851A5D5-6E34-4830-BD5E-DE8B06D263CE}.Release|Any CPU.Build.0 = Release|Any CPU
		{8ACDF755-1FF1-413D-873D-EBF2B8F97486}.Debug|Any CPU.ActiveCfg = Debug|Any CPU
		{8ACDF755-1FF1-413D-873D-EBF2B8F97486}.Debug|Any CPU.Build.0 = Debug|Any CPU
		{8ACDF755-1FF1-413D-873D-EBF2B8F97486}.Release|Any CPU.ActiveCfg = Release|Any CPU
		{8ACDF755-1FF1-413D-873D-EBF2B8F97486}.Release|Any CPU.Build.0 = Release|Any CPU
	EndGlobalSection
	GlobalSection(SolutionProperties) = preSolution
		HideSolutionNode = FALSE
	EndGlobalSection
	GlobalSection(ExtensibilityGlobals) = postSolution
		SolutionGuid = {D49A6737-6960-4B63-8DA6-810D0F5263F4}
	EndGlobalSection
EndGlobal
